
Microsoft Visual Studio Solution File, Format Version 12.00
Project("{2150E333-8FDC-42A3-9474-1A3956D46DE8}") = "Services", "Services", "{FA135004-62A5-415D-B5A8-DFD63F04BF13}"
EndProject
Project("{2150E333-8FDC-42A3-9474-1A3956D46DE8}") = "Catalog", "Catalog", "{EE2AEA82-4B34-4A7C-8095-BDA6192D4722}"
EndProject
Project("{FAE04EC0-301F-11D3-BF4B-00C04F79EFBC}") = "Catalog.Application", "Services\Catalog\Catalog.Application\Catalog.Application.csproj", "{3D43244A-CC73-41EC-A29C-333DFC2457C1}"
EndProject
Project("{FAE04EC0-301F-11D3-BF4B-00C04F79EFBC}") = "Catalog.Core", "Services\Catalog\Catalog.Core\Catalog.Core.csproj", "{90BC64DD-9C82-4695-9C2C-06A11C0FFDB4}"
EndProject
Project("{FAE04EC0-301F-11D3-BF4B-00C04F79EFBC}") = "Catalog.Infrastructure", "Services\Catalog\Catalog.Infrastructure\Catalog.Infrastructure.csproj", "{19B04F33-AD22-4CB3-B0DC-7153E9CCCB39}"
EndProject
Project("{FAE04EC0-301F-11D3-BF4B-00C04F79EFBC}") = "Catalog.Api", "Services\Catalog\Catalog.Api\Catalog.Api.csproj", "{F3AE0147-4180-4DF7-9060-73B38419E05A}"
EndProject
Global
	GlobalSection(SolutionConfigurationPlatforms) = preSolution
		Debug|Any CPU = Debug|Any CPU
		Release|Any CPU = Release|Any CPU
	EndGlobalSection
	GlobalSection(NestedProjects) = preSolution
		{EE2AEA82-4B34-4A7C-8095-BDA6192D4722} = {FA135004-62A5-415D-B5A8-DFD63F04BF13}
		{3D43244A-CC73-41EC-A29C-333DFC2457C1} = {EE2AEA82-4B34-4A7C-8095-BDA6192D4722}
		{90BC64DD-9C82-4695-9C2C-06A11C0FFDB4} = {EE2AEA82-4B34-4A7C-8095-BDA6192D4722}
		{19B04F33-AD22-4CB3-B0DC-7153E9CCCB39} = {EE2AEA82-4B34-4A7C-8095-BDA6192D4722}
		{F3AE0147-4180-4DF7-9060-73B38419E05A} = {EE2AEA82-4B34-4A7C-8095-BDA6192D4722}
	EndGlobalSection
	GlobalSection(ProjectConfigurationPlatforms) = postSolution
		{3D43244A-CC73-41EC-A29C-333DFC2457C1}.Debug|Any CPU.ActiveCfg = Debug|Any CPU
		{3D43244A-CC73-41EC-A29C-333DFC2457C1}.Debug|Any CPU.Build.0 = Debug|Any CPU
		{3D43244A-CC73-41EC-A29C-333DFC2457C1}.Release|Any CPU.ActiveCfg = Release|Any CPU
		{3D43244A-CC73-41EC-A29C-333DFC2457C1}.Release|Any CPU.Build.0 = Release|Any CPU
		{90BC64DD-9C82-4695-9C2C-06A11C0FFDB4}.Debug|Any CPU.ActiveCfg = Debug|Any CPU
		{90BC64DD-9C82-4695-9C2C-06A11C0FFDB4}.Debug|Any CPU.Build.0 = Debug|Any CPU
		{90BC64DD-9C82-4695-9C2C-06A11C0FFDB4}.Release|Any CPU.ActiveCfg = Release|Any CPU
		{90BC64DD-9C82-4695-9C2C-06A11C0FFDB4}.Release|Any CPU.Build.0 = Release|Any CPU
		{19B04F33-AD22-4CB3-B0DC-7153E9CCCB39}.Debug|Any CPU.ActiveCfg = Debug|Any CPU
		{19B04F33-AD22-4CB3-B0DC-7153E9CCCB39}.Debug|Any CPU.Build.0 = Debug|Any CPU
		{19B04F33-AD22-4CB3-B0DC-7153E9CCCB39}.Release|Any CPU.ActiveCfg = Release|Any CPU
		{19B04F33-AD22-4CB3-B0DC-7153E9CCCB39}.Release|Any CPU.Build.0 = Release|Any CPU
		{F3AE0147-4180-4DF7-9060-73B38419E05A}.Debug|Any CPU.ActiveCfg = Debug|Any CPU
		{F3AE0147-4180-4DF7-9060-73B38419E05A}.Debug|Any CPU.Build.0 = Debug|Any CPU
		{F3AE0147-4180-4DF7-9060-73B38419E05A}.Release|Any CPU.ActiveCfg = Release|Any CPU
		{F3AE0147-4180-4DF7-9060-73B38419E05A}.Release|Any CPU.Build.0 = Release|Any CPU
	EndGlobalSection
EndGlobal
